// !$*UTF8*$!
{
	archiveVersion = 1;
	classes = {
	};
	objectVersion = 46;
	objects = {

/* Begin PBXBuildFile section */
		BA666DB319C173A00040E07B /* AppDelegate.swift in Sources */ = {isa = PBXBuildFile; fileRef = BA666DB219C173A00040E07B /* AppDelegate.swift */; };
		BA666DB519C173A00040E07B /* ViewController.swift in Sources */ = {isa = PBXBuildFile; fileRef = BA666DB419C173A00040E07B /* ViewController.swift */; };
		BA666DB819C173A00040E07B /* Main.storyboard in Resources */ = {isa = PBXBuildFile; fileRef = BA666DB619C173A00040E07B /* Main.storyboard */; };
		BA666DBA19C173A00040E07B /* Images.xcassets in Resources */ = {isa = PBXBuildFile; fileRef = BA666DB919C173A00040E07B /* Images.xcassets */; };
		BA666DBD19C173A00040E07B /* LaunchScreen.xib in Resources */ = {isa = PBXBuildFile; fileRef = BA666DBB19C173A00040E07B /* LaunchScreen.xib */; };
		BA666DC919C173A00040E07B /* dropBoxTests.swift in Sources */ = {isa = PBXBuildFile; fileRef = BA666DC819C173A00040E07B /* dropBoxTests.swift */; };
/* End PBXBuildFile section */

/* Begin PBXContainerItemProxy section */
		BA666DC319C173A00040E07B /* PBXContainerItemProxy */ = {
			isa = PBXContainerItemProxy;
			containerPortal = BA666DA519C173A00040E07B /* Project object */;
			proxyType = 1;
			remoteGlobalIDString = BA666DAC19C173A00040E07B;
			remoteInfo = dropBox;
		};
/* End PBXContainerItemProxy section */

/* Begin PBXFileReference section */
		BA666DAD19C173A00040E07B /* dropBox.app */ = {isa = PBXFileReference; explicitFileType = wrapper.application; includeInIndex = 0; path = dropBox.app; sourceTree = BUILT_PRODUCTS_DIR; };
		BA666DB119C173A00040E07B /* Info.plist */ = {isa = PBXFileReference; lastKnownFileType = text.plist.xml; path = Info.plist; sourceTree = "<group>"; };
		BA666DB219C173A00040E07B /* AppDelegate.swift */ = {isa = PBXFileReference; lastKnownFileType = sourcecode.swift; path = AppDelegate.swift; sourceTree = "<group>"; };
		BA666DB419C173A00040E07B /* ViewController.swift */ = {isa = PBXFileReference; lastKnownFileType = sourcecode.swift; path = ViewController.swift; sourceTree = "<group>"; };
		BA666DB719C173A00040E07B /* Base */ = {isa = PBXFileReference; lastKnownFileType = file.storyboard; name = Base; path = Base.lproj/Main.storyboard; sourceTree = "<group>"; };
		BA666DB919C173A00040E07B /* Images.xcassets */ = {isa = PBXFileReference; lastKnownFileType = folder.assetcatalog; path = Images.xcassets; sourceTree = "<group>"; };
		BA666DBC19C173A00040E07B /* Base */ = {isa = PBXFileReference; lastKnownFileType = file.xib; name = Base; path = Base.lproj/LaunchScreen.xib; sourceTree = "<group>"; };
		BA666DC219C173A00040E07B /* dropBoxTests.xctest */ = {isa = PBXFileReference; explicitFileType = wrapper.cfbundle; includeInIndex = 0; path = dropBoxTests.xctest; sourceTree = BUILT_PRODUCTS_DIR; };
		BA666DC719C173A00040E07B /* Info.plist */ = {isa = PBXFileReference; lastKnownFileType = text.plist.xml; path = Info.plist; sourceTree = "<group>"; };
		BA666DC819C173A00040E07B /* dropBoxTests.swift */ = {isa = PBXFileReference; lastKnownFileType = sourcecode.swift; path = dropBoxTests.swift; sourceTree = "<group>"; };
/* End PBXFileReference section */

/* Begin PBXFrameworksBuildPhase section */
		BA666DAA19C173A00040E07B /* Frameworks */ = {
			isa = PBXFrameworksBuildPhase;
			buildActionMask = 2147483647;
			files = (
			);
			runOnlyForDeploymentPostprocessing = 0;
		};
		BA666DBF19C173A00040E07B /* Frameworks */ = {
			isa = PBXFrameworksBuildPhase;
			buildActionMask = 2147483647;
			files = (
			);
			runOnlyForDeploymentPostprocessing = 0;
		};
/* End PBXFrameworksBuildPhase section */

/* Begin PBXGroup section */
		BA666DA419C173A00040E07B = {
			isa = PBXGroup;
			children = (
				BA666DAF19C173A00040E07B /* dropBox */,
				BA666DC519C173A00040E07B /* dropBoxTests */,
				BA666DAE19C173A00040E07B /* Products */,
			);
			sourceTree = "<group>";
		};
		BA666DAE19C173A00040E07B /* Products */ = {
			isa = PBXGroup;
			children = (
				BA666DAD19C173A00040E07B /* dropBox.app */,
				BA666DC219C173A00040E07B /* dropBoxTests.xctest */,
			);
			name = Products;
			sourceTree = "<group>";
		};
		BA666DAF19C173A00040E07B /* dropBox */ = {
			isa = PBXGroup;
			children = (
				BA666DB219C173A00040E07B /* AppDelegate.swift */,
				BA666DB419C173A00040E07B /* ViewController.swift */,
				BA666DB619C173A00040E07B /* Main.storyboard */,
				BA666DB919C173A00040E07B /* Images.xcassets */,
				BA666DBB19C173A00040E07B /* LaunchScreen.xib */,
				BA666DB019C173A00040E07B /* Supporting Files */,
			);
			path = dropBox;
			sourceTree = "<group>";
		};
		BA666DB019C173A00040E07B /* Supporting Files */ = {
			isa = PBXGroup;
			children = (
				BA666DB119C173A00040E07B /* Info.plist */,
			);
			name = "Supporting Files";
			sourceTree = "<group>";
		};
		BA666DC519C173A00040E07B /* dropBoxTests */ = {
			isa = PBXGroup;
			children = (
				BA666DC819C173A00040E07B /* dropBoxTests.swift */,
				BA666DC619C173A00040E07B /* Supporting Files */,
			);
			path = dropBoxTests;
			sourceTree = "<group>";
		};
		BA666DC619C173A00040E07B /* Supporting Files */ = {
			isa = PBXGroup;
			children = (
				BA666DC719C173A00040E07B /* Info.plist */,
			);
			name = "Supporting Files";
			sourceTree = "<group>";
		};
/* End PBXGroup section */

/* Begin PBXNativeTarget section */
		BA666DAC19C173A00040E07B /* dropBox */ = {
			isa = PBXNativeTarget;
			buildConfigurationList = BA666DCC19C173A00040E07B /* Build configuration list for PBXNativeTarget "dropBox" */;
			buildPhases = (
				BA666DA919C173A00040E07B /* Sources */,
				BA666DAA19C173A00040E07B /* Frameworks */,
				BA666DAB19C173A00040E07B /* Resources */,
			);
			buildRules = (
			);
			dependencies = (
			);
			name = dropBox;
			productName = dropBox;
			productReference = BA666DAD19C173A00040E07B /* dropBox.app */;
			productType = "com.apple.product-type.application";
		};
		BA666DC119C173A00040E07B /* dropBoxTests */ = {
			isa = PBXNativeTarget;
			buildConfigurationList = BA666DCF19C173A00040E07B /* Build configuration list for PBXNativeTarget "dropBoxTests" */;
			buildPhases = (
				BA666DBE19C173A00040E07B /* Sources */,
				BA666DBF19C173A00040E07B /* Frameworks */,
				BA666DC019C173A00040E07B /* Resources */,
			);
			buildRules = (
			);
			dependencies = (
				BA666DC419C173A00040E07B /* PBXTargetDependency */,
			);
			name = dropBoxTests;
			productName = dropBoxTests;
			productReference = BA666DC219C173A00040E07B /* dropBoxTests.xctest */;
			productType = "com.apple.product-type.bundle.unit-test";
		};
/* End PBXNativeTarget section */

/* Begin PBXProject section */
		BA666DA519C173A00040E07B /* Project object */ = {
			isa = PBXProject;
			attributes = {
				LastUpgradeCheck = 0600;
				ORGANIZATIONNAME = "Henry Freel";
				TargetAttributes = {
					BA666DAC19C173A00040E07B = {
						CreatedOnToolsVersion = 6.0;
					};
					BA666DC119C173A00040E07B = {
						CreatedOnToolsVersion = 6.0;
						TestTargetID = BA666DAC19C173A00040E07B;
					};
				};
			};
			buildConfigurationList = BA666DA819C173A00040E07B /* Build configuration list for PBXProject "dropBox" */;
			compatibilityVersion = "Xcode 3.2";
			developmentRegion = English;
			hasScannedForEncodings = 0;
			knownRegions = (
				en,
				Base,
			);
			mainGroup = BA666DA419C173A00040E07B;
			productRefGroup = BA666DAE19C173A00040E07B /* Products */;
			projectDirPath = "";
			projectRoot = "";
			targets = (
				BA666DAC19C173A00040E07B /* dropBox */,
				BA666DC119C173A00040E07B /* dropBoxTests */,
			);
		};
/* End PBXProject section */

/* Begin PBXResourcesBuildPhase section */
		BA666DAB19C173A00040E07B /* Resources */ = {
			isa = PBXResourcesBuildPhase;
			buildActionMask = 2147483647;
			files = (
				BA666DB819C173A00040E07B /* Main.storyboard in Resources */,
				BA666DBD19C173A00040E07B /* LaunchScreen.xib in Resources */,
				BA666DBA19C173A00040E07B /* Images.xcassets in Resources */,
			);
			runOnlyForDeploymentPostprocessing = 0;
		};
		BA666DC019C173A00040E07B /* Resources */ = {
			isa = PBXResourcesBuildPhase;
			buildActionMask = 2147483647;
			files = (
			);
			runOnlyForDeploymentPostprocessing = 0;
		};
/* End PBXResourcesBuildPhase section */

/* Begin PBXSourcesBuildPhase section */
		BA666DA919C173A00040E07B /* Sources */ = {
			isa = PBXSourcesBuildPhase;
			buildActionMask = 2147483647;
			files = (
				BA666DB519C173A00040E07B /* ViewController.swift in Sources */,
				BA666DB319C173A00040E07B /* AppDelegate.swift in Sources */,
			);
			runOnlyForDeploymentPostprocessing = 0;
		};
		BA666DBE19C173A00040E07B /* Sources */ = {
			isa = PBXSourcesBuildPhase;
			buildActionMask = 2147483647;
			files = (
				BA666DC919C173A00040E07B /* dropBoxTests.swift in Sources */,
			);
			runOnlyForDeploymentPostprocessing = 0;
		};
/* End PBXSourcesBuildPhase section */

/* Begin PBXTargetDependency section */
		BA666DC419C173A00040E07B /* PBXTargetDependency */ = {
			isa = PBXTargetDependency;
			target = BA666DAC19C173A00040E07B /* dropBox */;
			targetProxy = BA666DC319C173A00040E07B /* PBXContainerItemProxy */;
		};
/* End PBXTargetDependency section */

/* Begin PBXVariantGroup section */
		BA666DB619C173A00040E07B /* Main.storyboard */ = {
			isa = PBXVariantGroup;
			children = (
				BA666DB719C173A00040E07B /* Base */,
			);
			name = Main.storyboard;
			sourceTree = "<group>";
		};
		BA666DBB19C173A00040E07B /* LaunchScreen.xib */ = {
			isa = PBXVariantGroup;
			children = (
				BA666DBC19C173A00040E07B /* Base */,
			);
			name = LaunchScreen.xib;
			sourceTree = "<group>";
		};
/* End PBXVariantGroup section */

/* Begin XCBuildConfiguration section */
		BA666DCA19C173A00040E07B /* Debug */ = {
			isa = XCBuildConfiguration;
			buildSettings = {
				ALWAYS_SEARCH_USER_PATHS = NO;
				CLANG_CXX_LANGUAGE_STANDARD = "gnu++0x";
				CLANG_CXX_LIBRARY = "libc++";
				CLANG_ENABLE_MODULES = YES;
				CLANG_ENABLE_OBJC_ARC = YES;
				CLANG_WARN_BOOL_CONVERSION = YES;
				CLANG_WARN_CONSTANT_CONVERSION = YES;
				CLANG_WARN_DIRECT_OBJC_ISA_USAGE = YES_ERROR;
				CLANG_WARN_EMPTY_BODY = YES;
				CLANG_WARN_ENUM_CONVERSION = YES;
				CLANG_WARN_INT_CONVERSION = YES;
				CLANG_WARN_OBJC_ROOT_CLASS = YES_ERROR;
				CLANG_WARN_UNREACHABLE_CODE = YES;
				CLANG_WARN__DUPLICATE_METHOD_MATCH = YES;
				"CODE_SIGN_IDENTITY[sdk=iphoneos*]" = "iPhone Developer";
				COPY_PHASE_STRIP = NO;
				ENABLE_STRICT_OBJC_MSGSEND = YES;
				GCC_C_LANGUAGE_STANDARD = gnu99;
				GCC_DYNAMIC_NO_PIC = NO;
				GCC_OPTIMIZATION_LEVEL = 0;
				GCC_PREPROCESSOR_DEFINITIONS = (
					"DEBUG=1",
					"$(inherited)",
				);
				GCC_SYMBOLS_PRIVATE_EXTERN = NO;
				GCC_WARN_64_TO_32_BIT_CONVERSION = YES;
				GCC_WARN_ABOUT_RETURN_TYPE = YES_ERROR;
				GCC_WARN_UNDECLARED_SELECTOR = YES;
				GCC_WARN_UNINITIALIZED_AUTOS = YES_AGGRESSIVE;
				GCC_WARN_UNUSED_FUNCTION = YES;
				GCC_WARN_UNUSED_VARIABLE = YES;
				IPHONEOS_DEPLOYMENT_TARGET = 8.0;
				MTL_ENABLE_DEBUG_INFO = YES;
				ONLY_ACTIVE_ARCH = YES;
				SDKROOT = iphoneos;
				SWIFT_OPTIMIZATION_LEVEL = "-Onone";
			};
			name = Debug;
		};
		BA666DCB19C173A00040E07B /* Release */ = {
			isa = XCBuildConfiguration;
			buildSettings = {
				ALWAYS_SEARCH_USER_PATHS = NO;
				CLANG_CXX_LANGUAGE_STANDARD = "gnu++0x";
				CLANG_CXX_LIBRARY = "libc++";
				CLANG_ENABLE_MODULES = YES;
				CLANG_ENABLE_OBJC_ARC = YES;
				CLANG_WARN_BOOL_CONVERSION = YES;
				CLANG_WARN_CONSTANT_CONVERSION = YES;
				CLANG_WARN_DIRECT_OBJC_ISA_USAGE = YES_ERROR;
				CLANG_WARN_EMPTY_BODY = YES;
				CLANG_WARN_ENUM_CONVERSION = YES;
				CLANG_WARN_INT_CONVERSION = YES;
				CLANG_WARN_OBJC_ROOT_CLASS = YES_ERROR;
				CLANG_WARN_UNREACHABLE_CODE = YES;
				CLANG_WARN__DUPLICATE_METHOD_MATCH = YES;
				"CODE_SIGN_IDENTITY[sdk=iphoneos*]" = "iPhone Developer";
				COPY_PHASE_STRIP = YES;
				ENABLE_NS_ASSERTIONS = NO;
				ENABLE_STRICT_OBJC_MSGSEND = YES;
				GCC_C_LANGUAGE_STANDARD = gnu99;
				GCC_WARN_64_TO_32_BIT_CONVERSION = YES;
				GCC_WARN_ABOUT_RETURN_TYPE = YES_ERROR;
				GCC_WARN_UNDECLARED_SELECTOR = YES;
				GCC_WARN_UNINITIALIZED_AUTOS = YES_AGGRESSIVE;
				GCC_WARN_UNUSED_FUNCTION = YES;
				GCC_WARN_UNUSED_VARIABLE = YES;
				IPHONEOS_DEPLOYMENT_TARGET = 8.0;
				MTL_ENABLE_DEBUG_INFO = NO;
				SDKROOT = iphoneos;
				VALIDATE_PRODUCT = YES;
			};
			name = Release;
		};
		BA666DCD19C173A00040E07B /* Debug */ = {
			isa = XCBuildConfiguration;
			buildSettings = {
				ASSETCATALOG_COMPILER_APPICON_NAME = AppIcon;
				INFOPLIST_FILE = dropBox/Info.plist;
				LD_RUNPATH_SEARCH_PATHS = "$(inherited) @executable_path/Frameworks";
				PRODUCT_NAME = "$(TARGET_NAME)";
			};
			name = Debug;
		};
		BA666DCE19C173A00040E07B /* Release */ = {
			isa = XCBuildConfiguration;
			buildSettings = {
				ASSETCATALOG_COMPILER_APPICON_NAME = AppIcon;
				INFOPLIST_FILE = dropBox/Info.plist;
				LD_RUNPATH_SEARCH_PATHS = "$(inherited) @executable_path/Frameworks";
				PRODUCT_NAME = "$(TARGET_NAME)";
			};
			name = Release;
		};
		BA666DD019C173A00040E07B /* Debug */ = {
			isa = XCBuildConfiguration;
			buildSettings = {
				BUNDLE_LOADER = "$(TEST_HOST)";
				FRAMEWORK_SEARCH_PATHS = (
					"$(SDKROOT)/Developer/Library/Frameworks",
					"$(inherited)",
				);
				GCC_PREPROCESSOR_DEFINITIONS = (
					"DEBUG=1",
					"$(inherited)",
				);
				INFOPLIST_FILE = dropBoxTests/Info.plist;
				LD_RUNPATH_SEARCH_PATHS = "$(inherited) @executable_path/Frameworks @loader_path/Frameworks";
				PRODUCT_NAME = "$(TARGET_NAME)";
				TEST_HOST = "$(BUILT_PRODUCTS_DIR)/dropBox.app/dropBox";
			};
			name = Debug;
		};
		BA666DD119C173A00040E07B /* Release */ = {
			isa = XCBuildConfiguration;
			buildSettings = {
				BUNDLE_LOADER = "$(TEST_HOST)";
				FRAMEWORK_SEARCH_PATHS = (
					"$(SDKROOT)/Developer/Library/Frameworks",
					"$(inherited)",
				);
				INFOPLIST_FILE = dropBoxTests/Info.plist;
				LD_RUNPATH_SEARCH_PATHS = "$(inherited) @executable_path/Frameworks @loader_path/Frameworks";
				PRODUCT_NAME = "$(TARGET_NAME)";
				TEST_HOST = "$(BUILT_PRODUCTS_DIR)/dropBox.app/dropBox";
			};
			name = Release;
		};
/* End XCBuildConfiguration section */

/* Begin XCConfigurationList section */
		BA666DA819C173A00040E07B /* Build configuration list for PBXProject "dropBox" */ = {
			isa = XCConfigurationList;
			buildConfigurations = (
				BA666DCA19C173A00040E07B /* Debug */,
				BA666DCB19C173A00040E07B /* Release */,
			);
			defaultConfigurationIsVisible = 0;
			defaultConfigurationName = Release;
		};
		BA666DCC19C173A00040E07B /* Build configuration list for PBXNativeTarget "dropBox" */ = {
			isa = XCConfigurationList;
			buildConfigurations = (
				BA666DCD19C173A00040E07B /* Debug */,
				BA666DCE19C173A00040E07B /* Release */,
			);
			defaultConfigurationIsVisible = 0;
		};
		BA666DCF19C173A00040E07B /* Build configuration list for PBXNativeTarget "dropBoxTests" */ = {
			isa = XCConfigurationList;
			buildConfigurations = (
				BA666DD019C173A00040E07B /* Debug */,
				BA666DD119C173A00040E07B /* Release */,
			);
			defaultConfigurationIsVisible = 0;
		};
/* End XCConfigurationList section */
	};
	rootObject = BA666DA519C173A00040E07B /* Project object */;
}
